
Microsoft Visual Studio Solution File, Format Version 12.00
# Visual Studio Version 17
VisualStudioVersion = 17.7.34009.444
MinimumVisualStudioVersion = 10.0.40219.1
Project("{FAE04EC0-301F-11D3-BF4B-00C04F79EFBC}") = "InterfaceSegregationPrinciple", "InterfaceSegregationPrinciple\InterfaceSegregationPrinciple.csproj", "{C575EB72-C1C9-488C-A543-3ABCEBEC1A72}"
EndProject
Global
	GlobalSection(SolutionConfigurationPlatforms) = preSolution
		Debug|Any CPU = Debug|Any CPU
		Release|Any CPU = Release|Any CPU
	EndGlobalSection
	GlobalSection(ProjectConfigurationPlatforms) = postSolution
		{C575EB72-C1C9-488C-A543-3ABCEBEC1A72}.Debug|Any CPU.ActiveCfg = Debug|Any CPU
		{C575EB72-C1C9-488C-A543-3ABCEBEC1A72}.Debug|Any CPU.Build.0 = Debug|Any CPU
		{C575EB72-C1C9-488C-A543-3ABCEBEC1A72}.Release|Any CPU.ActiveCfg = Release|Any CPU
		{C575EB72-C1C9-488C-A543-3ABCEBEC1A72}.Release|Any CPU.Build.0 = Release|Any CPU
	EndGlobalSection
	GlobalSection(SolutionProperties) = preSolution
		HideSolutionNode = FALSE
	EndGlobalSection
	GlobalSection(ExtensibilityGlobals) = postSolution
		SolutionGuid = {7D20CD2C-28F6-41C0-9E3B-C2D6A04298F5}
	EndGlobalSection
EndGlobal
